schema: '2.0'
stages:
  data_ingestion:
    cmd: python -m src.data.data_ingestion
    deps:
    - path: src/data/data_ingestion.py
      hash: md5
      md5: c0f39ae88ecd3738d1f39b23407955bd
      size: 3604
    params:
      params.yaml:
        data_ingestion.test_size: 0.25
    outs:
    - path: data/raw
      hash: md5
      md5: 4771c7fc671e147825102f68df71e233.dir
      size: 631569
      nfiles: 2
  data_preprocessing:
    cmd: python -m src.data.data_preprocessing
    deps:
    - path: data/raw
      hash: md5
      md5: 4771c7fc671e147825102f68df71e233.dir
      size: 631569
      nfiles: 2
    - path: src/data/data_preprocessing.py
      hash: md5
      md5: a0d0986f1695b3e851d0f37dad4451b8
      size: 2909
    outs:
    - path: data/interim
      hash: md5
      md5: ff1dc9261da6dd00e94bf5abfa8f33bb.dir
      size: 387859
      nfiles: 2
  feature_eng:
    cmd: python -m src.features.feature_engineering
    deps:
    - path: data/interim
      hash: md5
      md5: ff1dc9261da6dd00e94bf5abfa8f33bb.dir
      size: 387859
      nfiles: 2
    - path: src/features/feature_engineering.py
      hash: md5
      md5: cfaf71fa8bd1fae8af5abc3cbbe3387b
      size: 3447
    params:
      params.yaml:
        feature_engineering.max_features: 50
    outs:
    - path: models/vectorizer.pkl
      hash: md5
      md5: 79e911728f47b39f41fffd83f5d5af3c
      size: 1656
  model_building:
    cmd: python -m src.model.model_building
    deps:
    - path: data/processed
      hash: md5
      md5: 4bc3b71e9a922785811e0169a7e2a66a.dir
      size: 51899
      nfiles: 3
    - path: src/model/model_building.py
      hash: md5
      md5: 5262c77711462ba3ee484a3828aa413f
      size: 1859
    outs:
    - path: models/model.pkl
      hash: md5
      md5: 85b3c549a576b353764f6d5f76f28b17
      size: 1095
  model_evaluation:
    cmd: python -m src.model.model_evaluation
    deps:
    - path: models/model.pkl
      hash: md5
      md5: 85b3c549a576b353764f6d5f76f28b17
      size: 1095
    - path: src/model/model_evaluation.py
      hash: md5
      md5: dc3f4f0b84f06d7072a8a2752da8942f
      size: 5576
    outs:
    - path: reports/experiment_info.json
      hash: md5
      md5: dde8a0d49e019423b6b514f480a58a8e
      size: 82
    - path: reports/metrics.json
      hash: md5
      md5: 69e72de340e1c13e8d94020ea4a09262
      size: 118
  model_registration:
    cmd: python -m src.model.register_model
    deps:
    - path: reports/experiment_info.json
      hash: md5
      md5: dde8a0d49e019423b6b514f480a58a8e
      size: 82
    - path: src/model/register_model.py
      hash: md5
      md5: 7f8e98ec236e42d463d242e7e3f69022
      size: 3190
